
Microsoft Visual Studio Solution File, Format Version 12.00
# Visual Studio 15
VisualStudioVersion = 15.0.26730.12
MinimumVisualStudioVersion = 10.0.40219.1
Project("{FAE04EC0-301F-11D3-BF4B-00C04F79EFBC}") = "MvvmCrossWPFApplicationTemplate.Droid", "MvvmCrossWPFApplicationTemplate.Droid\MvvmCrossWPFApplicationTemplate.Droid.csproj", "{4EA6C7E4-EB86-4ED8-BDA6-C77A5E098C05}"
EndProject
Project("{9A19103F-16F7-4668-BE54-9A1E7A4F7556}") = "MvvmCrossWPFApplicationTemplate.Core", "MvvmCrossWPFApplicationTemplate.Core\MvvmCrossWPFApplicationTemplate.Core.csproj", "{2244CCE8-C985-423B-BCF2-B183E58BA179}"
EndProject
Project("{FAE04EC0-301F-11D3-BF4B-00C04F79EFBC}") = "MvvmCrossWPFApplicationTemplate.iOS", "MvvmCrossWPFApplicationTemplate.iOS\MvvmCrossWPFApplicationTemplate.iOS.csproj", "{EC150899-9684-48F5-8F6B-ED0655816500}"
EndProject
Project("{FAE04EC0-301F-11D3-BF4B-00C04F79EFBC}") = "MvvmCrossWPFApplicationTemplate.UWP", "MvvmCrossWPFApplicationTemplate.UWP\MvvmCrossWPFApplicationTemplate.UWP.csproj", "{49B865C7-F76A-48EB-A8AD-A12F0E68AA92}"
EndProject
Project("{FAE04EC0-301F-11D3-BF4B-00C04F79EFBC}") = "MvvmCrossWPFApplicationTemplate.WPF", "MvvmCrossWPFApplicationTemplate.WPF\MvvmCrossWPFApplicationTemplate.WPF.csproj", "{14A36FCB-B02C-45B6-9780-7074F5EB7A11}"
EndProject
Global
	GlobalSection(SolutionConfigurationPlatforms) = preSolution
		Ad-Hoc|Any CPU = Ad-Hoc|Any CPU
		Ad-Hoc|ARM = Ad-Hoc|ARM
		Ad-Hoc|iPhone = Ad-Hoc|iPhone
		Ad-Hoc|iPhoneSimulator = Ad-Hoc|iPhoneSimulator
		Ad-Hoc|x64 = Ad-Hoc|x64
		Ad-Hoc|x86 = Ad-Hoc|x86
		AppStore|Any CPU = AppStore|Any CPU
		AppStore|ARM = AppStore|ARM
		AppStore|iPhone = AppStore|iPhone
		AppStore|iPhoneSimulator = AppStore|iPhoneSimulator
		AppStore|x64 = AppStore|x64
		AppStore|x86 = AppStore|x86
		Debug|Any CPU = Debug|Any CPU
		Debug|ARM = Debug|ARM
		Debug|iPhone = Debug|iPhone
		Debug|iPhoneSimulator = Debug|iPhoneSimulator
		Debug|x64 = Debug|x64
		Debug|x86 = Debug|x86
		Release|Any CPU = Release|Any CPU
		Release|ARM = Release|ARM
		Release|iPhone = Release|iPhone
		Release|iPhoneSimulator = Release|iPhoneSimulator
		Release|x64 = Release|x64
		Release|x86 = Release|x86
	EndGlobalSection
	GlobalSection(ProjectConfigurationPlatforms) = postSolution
		{4EA6C7E4-EB86-4ED8-BDA6-C77A5E098C05}.Ad-Hoc|Any CPU.ActiveCfg = Release|Any CPU
		{4EA6C7E4-EB86-4ED8-BDA6-C77A5E098C05}.Ad-Hoc|Any CPU.Build.0 = Release|Any CPU
		{4EA6C7E4-EB86-4ED8-BDA6-C77A5E098C05}.Ad-Hoc|Any CPU.Deploy.0 = Release|Any CPU
		{4EA6C7E4-EB86-4ED8-BDA6-C77A5E098C05}.Ad-Hoc|ARM.ActiveCfg = Release|Any CPU
		{4EA6C7E4-EB86-4ED8-BDA6-C77A5E098C05}.Ad-Hoc|ARM.Build.0 = Release|Any CPU
		{4EA6C7E4-EB86-4ED8-BDA6-C77A5E098C05}.Ad-Hoc|ARM.Deploy.0 = Release|Any CPU
		{4EA6C7E4-EB86-4ED8-BDA6-C77A5E098C05}.Ad-Hoc|iPhone.ActiveCfg = Release|Any CPU
		{4EA6C7E4-EB86-4ED8-BDA6-C77A5E098C05}.Ad-Hoc|iPhone.Build.0 = Release|Any CPU
		{4EA6C7E4-EB86-4ED8-BDA6-C77A5E098C05}.Ad-Hoc|iPhone.Deploy.0 = Release|Any CPU
		{4EA6C7E4-EB86-4ED8-BDA6-C77A5E098C05}.Ad-Hoc|iPhoneSimulator.ActiveCfg = Release|Any CPU
		{4EA6C7E4-EB86-4ED8-BDA6-C77A5E098C05}.Ad-Hoc|iPhoneSimulator.Build.0 = Release|Any CPU
		{4EA6C7E4-EB86-4ED8-BDA6-C77A5E098C05}.Ad-Hoc|iPhoneSimulator.Deploy.0 = Release|Any CPU
		{4EA6C7E4-EB86-4ED8-BDA6-C77A5E098C05}.Ad-Hoc|x64.ActiveCfg = Release|Any CPU
		{4EA6C7E4-EB86-4ED8-BDA6-C77A5E098C05}.Ad-Hoc|x64.Build.0 = Release|Any CPU
		{4EA6C7E4-EB86-4ED8-BDA6-C77A5E098C05}.Ad-Hoc|x64.Deploy.0 = Release|Any CPU
		{4EA6C7E4-EB86-4ED8-BDA6-C77A5E098C05}.Ad-Hoc|x86.ActiveCfg = Release|Any CPU
		{4EA6C7E4-EB86-4ED8-BDA6-C77A5E098C05}.Ad-Hoc|x86.Build.0 = Release|Any CPU
		{4EA6C7E4-EB86-4ED8-BDA6-C77A5E098C05}.Ad-Hoc|x86.Deploy.0 = Release|Any CPU
		{4EA6C7E4-EB86-4ED8-BDA6-C77A5E098C05}.AppStore|Any CPU.ActiveCfg = Release|Any CPU
		{4EA6C7E4-EB86-4ED8-BDA6-C77A5E098C05}.AppStore|Any CPU.Build.0 = Release|Any CPU
		{4EA6C7E4-EB86-4ED8-BDA6-C77A5E098C05}.AppStore|Any CPU.Deploy.0 = Release|Any CPU
		{4EA6C7E4-EB86-4ED8-BDA6-C77A5E098C05}.AppStore|ARM.ActiveCfg = Release|Any CPU
		{4EA6C7E4-EB86-4ED8-BDA6-C77A5E098C05}.AppStore|ARM.Build.0 = Release|Any CPU
		{4EA6C7E4-EB86-4ED8-BDA6-C77A5E098C05}.AppStore|ARM.Deploy.0 = Release|Any CPU
		{4EA6C7E4-EB86-4ED8-BDA6-C77A5E098C05}.AppStore|iPhone.ActiveCfg = Release|Any CPU
		{4EA6C7E4-EB86-4ED8-BDA6-C77A5E098C05}.AppStore|iPhone.Build.0 = Release|Any CPU
		{4EA6C7E4-EB86-4ED8-BDA6-C77A5E098C05}.AppStore|iPhone.Deploy.0 = Release|Any CPU
		{4EA6C7E4-EB86-4ED8-BDA6-C77A5E098C05}.AppStore|iPhoneSimulator.ActiveCfg = Release|Any CPU
		{4EA6C7E4-EB86-4ED8-BDA6-C77A5E098C05}.AppStore|iPhoneSimulator.Build.0 = Release|Any CPU
		{4EA6C7E4-EB86-4ED8-BDA6-C77A5E098C05}.AppStore|iPhoneSimulator.Deploy.0 = Release|Any CPU
		{4EA6C7E4-EB86-4ED8-BDA6-C77A5E098C05}.AppStore|x64.ActiveCfg = Release|Any CPU
		{4EA6C7E4-EB86-4ED8-BDA6-C77A5E098C05}.AppStore|x64.Build.0 = Release|Any CPU
		{4EA6C7E4-EB86-4ED8-BDA6-C77A5E098C05}.AppStore|x64.Deploy.0 = Release|Any CPU
		{4EA6C7E4-EB86-4ED8-BDA6-C77A5E098C05}.AppStore|x86.ActiveCfg = Release|Any CPU
		{4EA6C7E4-EB86-4ED8-BDA6-C77A5E098C05}.AppStore|x86.Build.0 = Release|Any CPU
		{4EA6C7E4-EB86-4ED8-BDA6-C77A5E098C05}.AppStore|x86.Deploy.0 = Release|Any CPU
		{4EA6C7E4-EB86-4ED8-BDA6-C77A5E098C05}.Debug|Any CPU.ActiveCfg = Debug|Any CPU
		{4EA6C7E4-EB86-4ED8-BDA6-C77A5E098C05}.Debug|Any CPU.Build.0 = Debug|Any CPU
		{4EA6C7E4-EB86-4ED8-BDA6-C77A5E098C05}.Debug|ARM.ActiveCfg = Debug|Any CPU
		{4EA6C7E4-EB86-4ED8-BDA6-C77A5E098C05}.Debug|ARM.Build.0 = Debug|Any CPU
		{4EA6C7E4-EB86-4ED8-BDA6-C77A5E098C05}.Debug|ARM.Deploy.0 = Debug|Any CPU
		{4EA6C7E4-EB86-4ED8-BDA6-C77A5E098C05}.Debug|iPhone.ActiveCfg = Debug|Any CPU
		{4EA6C7E4-EB86-4ED8-BDA6-C77A5E098C05}.Debug|iPhone.Build.0 = Debug|Any CPU
		{4EA6C7E4-EB86-4ED8-BDA6-C77A5E098C05}.Debug|iPhone.Deploy.0 = Debug|Any CPU
		{4EA6C7E4-EB86-4ED8-BDA6-C77A5E098C05}.Debug|iPhoneSimulator.ActiveCfg = Debug|Any CPU
		{4EA6C7E4-EB86-4ED8-BDA6-C77A5E098C05}.Debug|iPhoneSimulator.Build.0 = Debug|Any CPU
		{4EA6C7E4-EB86-4ED8-BDA6-C77A5E098C05}.Debug|iPhoneSimulator.Deploy.0 = Debug|Any CPU
		{4EA6C7E4-EB86-4ED8-BDA6-C77A5E098C05}.Debug|x64.ActiveCfg = Debug|Any CPU
		{4EA6C7E4-EB86-4ED8-BDA6-C77A5E098C05}.Debug|x64.Build.0 = Debug|Any CPU
		{4EA6C7E4-EB86-4ED8-BDA6-C77A5E098C05}.Debug|x64.Deploy.0 = Debug|Any CPU
		{4EA6C7E4-EB86-4ED8-BDA6-C77A5E098C05}.Debug|x86.ActiveCfg = Debug|Any CPU
		{4EA6C7E4-EB86-4ED8-BDA6-C77A5E098C05}.Debug|x86.Build.0 = Debug|Any CPU
		{4EA6C7E4-EB86-4ED8-BDA6-C77A5E098C05}.Debug|x86.Deploy.0 = Debug|Any CPU
		{4EA6C7E4-EB86-4ED8-BDA6-C77A5E098C05}.Release|Any CPU.ActiveCfg = Release|Any CPU
		{4EA6C7E4-EB86-4ED8-BDA6-C77A5E098C05}.Release|ARM.ActiveCfg = Release|Any CPU
		{4EA6C7E4-EB86-4ED8-BDA6-C77A5E098C05}.Release|ARM.Build.0 = Release|Any CPU
		{4EA6C7E4-EB86-4ED8-BDA6-C77A5E098C05}.Release|ARM.Deploy.0 = Release|Any CPU
		{4EA6C7E4-EB86-4ED8-BDA6-C77A5E098C05}.Release|iPhone.ActiveCfg = Release|Any CPU
		{4EA6C7E4-EB86-4ED8-BDA6-C77A5E098C05}.Release|iPhone.Build.0 = Release|Any CPU
		{4EA6C7E4-EB86-4ED8-BDA6-C77A5E098C05}.Release|iPhone.Deploy.0 = Release|Any CPU
		{4EA6C7E4-EB86-4ED8-BDA6-C77A5E098C05}.Release|iPhoneSimulator.ActiveCfg = Release|Any CPU
		{4EA6C7E4-EB86-4ED8-BDA6-C77A5E098C05}.Release|iPhoneSimulator.Build.0 = Release|Any CPU
		{4EA6C7E4-EB86-4ED8-BDA6-C77A5E098C05}.Release|iPhoneSimulator.Deploy.0 = Release|Any CPU
		{4EA6C7E4-EB86-4ED8-BDA6-C77A5E098C05}.Release|x64.ActiveCfg = Release|Any CPU
		{4EA6C7E4-EB86-4ED8-BDA6-C77A5E098C05}.Release|x64.Build.0 = Release|Any CPU
		{4EA6C7E4-EB86-4ED8-BDA6-C77A5E098C05}.Release|x64.Deploy.0 = Release|Any CPU
		{4EA6C7E4-EB86-4ED8-BDA6-C77A5E098C05}.Release|x86.ActiveCfg = Release|Any CPU
		{4EA6C7E4-EB86-4ED8-BDA6-C77A5E098C05}.Release|x86.Build.0 = Release|Any CPU
		{4EA6C7E4-EB86-4ED8-BDA6-C77A5E098C05}.Release|x86.Deploy.0 = Release|Any CPU
		{2244CCE8-C985-423B-BCF2-B183E58BA179}.Ad-Hoc|Any CPU.ActiveCfg = Release|Any CPU
		{2244CCE8-C985-423B-BCF2-B183E58BA179}.Ad-Hoc|Any CPU.Build.0 = Release|Any CPU
		{2244CCE8-C985-423B-BCF2-B183E58BA179}.Ad-Hoc|ARM.ActiveCfg = Release|Any CPU
		{2244CCE8-C985-423B-BCF2-B183E58BA179}.Ad-Hoc|ARM.Build.0 = Release|Any CPU
		{2244CCE8-C985-423B-BCF2-B183E58BA179}.Ad-Hoc|iPhone.ActiveCfg = Release|Any CPU
		{2244CCE8-C985-423B-BCF2-B183E58BA179}.Ad-Hoc|iPhone.Build.0 = Release|Any CPU
		{2244CCE8-C985-423B-BCF2-B183E58BA179}.Ad-Hoc|iPhoneSimulator.ActiveCfg = Release|Any CPU
		{2244CCE8-C985-423B-BCF2-B183E58BA179}.Ad-Hoc|iPhoneSimulator.Build.0 = Release|Any CPU
		{2244CCE8-C985-423B-BCF2-B183E58BA179}.Ad-Hoc|x64.ActiveCfg = Release|Any CPU
		{2244CCE8-C985-423B-BCF2-B183E58BA179}.Ad-Hoc|x64.Build.0 = Release|Any CPU
		{2244CCE8-C985-423B-BCF2-B183E58BA179}.Ad-Hoc|x86.ActiveCfg = Release|Any CPU
		{2244CCE8-C985-423B-BCF2-B183E58BA179}.Ad-Hoc|x86.Build.0 = Release|Any CPU
		{2244CCE8-C985-423B-BCF2-B183E58BA179}.AppStore|Any CPU.ActiveCfg = Release|Any CPU
		{2244CCE8-C985-423B-BCF2-B183E58BA179}.AppStore|Any CPU.Build.0 = Release|Any CPU
		{2244CCE8-C985-423B-BCF2-B183E58BA179}.AppStore|ARM.ActiveCfg = Release|Any CPU
		{2244CCE8-C985-423B-BCF2-B183E58BA179}.AppStore|ARM.Build.0 = Release|Any CPU
		{2244CCE8-C985-423B-BCF2-B183E58BA179}.AppStore|iPhone.ActiveCfg = Release|Any CPU
		{2244CCE8-C985-423B-BCF2-B183E58BA179}.AppStore|iPhone.Build.0 = Release|Any CPU
		{2244CCE8-C985-423B-BCF2-B183E58BA179}.AppStore|iPhoneSimulator.ActiveCfg = Release|Any CPU
		{2244CCE8-C985-423B-BCF2-B183E58BA179}.AppStore|iPhoneSimulator.Build.0 = Release|Any CPU
		{2244CCE8-C985-423B-BCF2-B183E58BA179}.AppStore|x64.ActiveCfg = Release|Any CPU
		{2244CCE8-C985-423B-BCF2-B183E58BA179}.AppStore|x64.Build.0 = Release|Any CPU
		{2244CCE8-C985-423B-BCF2-B183E58BA179}.AppStore|x86.ActiveCfg = Release|Any CPU
		{2244CCE8-C985-423B-BCF2-B183E58BA179}.AppStore|x86.Build.0 = Release|Any CPU
		{2244CCE8-C985-423B-BCF2-B183E58BA179}.Debug|Any CPU.ActiveCfg = Debug|Any CPU
		{2244CCE8-C985-423B-BCF2-B183E58BA179}.Debug|Any CPU.Build.0 = Debug|Any CPU
		{2244CCE8-C985-423B-BCF2-B183E58BA179}.Debug|ARM.ActiveCfg = Debug|Any CPU
		{2244CCE8-C985-423B-BCF2-B183E58BA179}.Debug|ARM.Build.0 = Debug|Any CPU
		{2244CCE8-C985-423B-BCF2-B183E58BA179}.Debug|iPhone.ActiveCfg = Debug|Any CPU
		{2244CCE8-C985-423B-BCF2-B183E58BA179}.Debug|iPhone.Build.0 = Debug|Any CPU
		{2244CCE8-C985-423B-BCF2-B183E58BA179}.Debug|iPhoneSimulator.ActiveCfg = Debug|Any CPU
		{2244CCE8-C985-423B-BCF2-B183E58BA179}.Debug|iPhoneSimulator.Build.0 = Debug|Any CPU
		{2244CCE8-C985-423B-BCF2-B183E58BA179}.Debug|x64.ActiveCfg = Debug|Any CPU
		{2244CCE8-C985-423B-BCF2-B183E58BA179}.Debug|x64.Build.0 = Debug|Any CPU
		{2244CCE8-C985-423B-BCF2-B183E58BA179}.Debug|x86.ActiveCfg = Debug|Any CPU
		{2244CCE8-C985-423B-BCF2-B183E58BA179}.Debug|x86.Build.0 = Debug|Any CPU
		{2244CCE8-C985-423B-BCF2-B183E58BA179}.Release|Any CPU.ActiveCfg = Release|Any CPU
		{2244CCE8-C985-423B-BCF2-B183E58BA179}.Release|ARM.ActiveCfg = Release|Any CPU
		{2244CCE8-C985-423B-BCF2-B183E58BA179}.Release|ARM.Build.0 = Release|Any CPU
		{2244CCE8-C985-423B-BCF2-B183E58BA179}.Release|iPhone.ActiveCfg = Release|Any CPU
		{2244CCE8-C985-423B-BCF2-B183E58BA179}.Release|iPhone.Build.0 = Release|Any CPU
		{2244CCE8-C985-423B-BCF2-B183E58BA179}.Release|iPhoneSimulator.ActiveCfg = Release|Any CPU
		{2244CCE8-C985-423B-BCF2-B183E58BA179}.Release|iPhoneSimulator.Build.0 = Release|Any CPU
		{2244CCE8-C985-423B-BCF2-B183E58BA179}.Release|x64.ActiveCfg = Release|Any CPU
		{2244CCE8-C985-423B-BCF2-B183E58BA179}.Release|x64.Build.0 = Release|Any CPU
		{2244CCE8-C985-423B-BCF2-B183E58BA179}.Release|x86.ActiveCfg = Release|Any CPU
		{2244CCE8-C985-423B-BCF2-B183E58BA179}.Release|x86.Build.0 = Release|Any CPU
		{EC150899-9684-48F5-8F6B-ED0655816500}.Ad-Hoc|Any CPU.ActiveCfg = Ad-Hoc|iPhone
		{EC150899-9684-48F5-8F6B-ED0655816500}.Ad-Hoc|ARM.ActiveCfg = Ad-Hoc|iPhone
		{EC150899-9684-48F5-8F6B-ED0655816500}.Ad-Hoc|iPhone.ActiveCfg = Ad-Hoc|iPhone
		{EC150899-9684-48F5-8F6B-ED0655816500}.Ad-Hoc|iPhone.Build.0 = Ad-Hoc|iPhone
		{EC150899-9684-48F5-8F6B-ED0655816500}.Ad-Hoc|iPhoneSimulator.ActiveCfg = Ad-Hoc|iPhoneSimulator
		{EC150899-9684-48F5-8F6B-ED0655816500}.Ad-Hoc|iPhoneSimulator.Build.0 = Ad-Hoc|iPhoneSimulator
		{EC150899-9684-48F5-8F6B-ED0655816500}.Ad-Hoc|x64.ActiveCfg = Ad-Hoc|iPhone
		{EC150899-9684-48F5-8F6B-ED0655816500}.Ad-Hoc|x86.ActiveCfg = Ad-Hoc|iPhone
		{EC150899-9684-48F5-8F6B-ED0655816500}.AppStore|Any CPU.ActiveCfg = AppStore|iPhone
		{EC150899-9684-48F5-8F6B-ED0655816500}.AppStore|ARM.ActiveCfg = AppStore|iPhone
		{EC150899-9684-48F5-8F6B-ED0655816500}.AppStore|iPhone.ActiveCfg = AppStore|iPhone
		{EC150899-9684-48F5-8F6B-ED0655816500}.AppStore|iPhone.Build.0 = AppStore|iPhone
		{EC150899-9684-48F5-8F6B-ED0655816500}.AppStore|iPhoneSimulator.ActiveCfg = AppStore|iPhoneSimulator
		{EC150899-9684-48F5-8F6B-ED0655816500}.AppStore|iPhoneSimulator.Build.0 = AppStore|iPhoneSimulator
		{EC150899-9684-48F5-8F6B-ED0655816500}.AppStore|x64.ActiveCfg = AppStore|iPhone
		{EC150899-9684-48F5-8F6B-ED0655816500}.AppStore|x86.ActiveCfg = AppStore|iPhone
		{EC150899-9684-48F5-8F6B-ED0655816500}.Debug|Any CPU.ActiveCfg = Debug|iPhoneSimulator
		{EC150899-9684-48F5-8F6B-ED0655816500}.Debug|Any CPU.Build.0 = Debug|iPhoneSimulator
		{EC150899-9684-48F5-8F6B-ED0655816500}.Debug|ARM.ActiveCfg = Debug|iPhone
		{EC150899-9684-48F5-8F6B-ED0655816500}.Debug|iPhone.ActiveCfg = Debug|iPhone
		{EC150899-9684-48F5-8F6B-ED0655816500}.Debug|iPhone.Build.0 = Debug|iPhone
		{EC150899-9684-48F5-8F6B-ED0655816500}.Debug|iPhoneSimulator.ActiveCfg = Debug|iPhoneSimulator
		{EC150899-9684-48F5-8F6B-ED0655816500}.Debug|iPhoneSimulator.Build.0 = Debug|iPhoneSimulator
		{EC150899-9684-48F5-8F6B-ED0655816500}.Debug|x64.ActiveCfg = Debug|iPhone
		{EC150899-9684-48F5-8F6B-ED0655816500}.Debug|x86.ActiveCfg = Debug|iPhone
		{EC150899-9684-48F5-8F6B-ED0655816500}.Release|Any CPU.ActiveCfg = Release|iPhone
		{EC150899-9684-48F5-8F6B-ED0655816500}.Release|ARM.ActiveCfg = Release|iPhone
		{EC150899-9684-48F5-8F6B-ED0655816500}.Release|iPhone.ActiveCfg = Release|iPhone
		{EC150899-9684-48F5-8F6B-ED0655816500}.Release|iPhone.Build.0 = Release|iPhone
		{EC150899-9684-48F5-8F6B-ED0655816500}.Release|iPhoneSimulator.ActiveCfg = Release|iPhoneSimulator
		{EC150899-9684-48F5-8F6B-ED0655816500}.Release|iPhoneSimulator.Build.0 = Release|iPhoneSimulator
		{EC150899-9684-48F5-8F6B-ED0655816500}.Release|x64.ActiveCfg = Release|iPhone
		{EC150899-9684-48F5-8F6B-ED0655816500}.Release|x86.ActiveCfg = Release|iPhone
		{49B865C7-F76A-48EB-A8AD-A12F0E68AA92}.Ad-Hoc|Any CPU.ActiveCfg = Release|x64
		{49B865C7-F76A-48EB-A8AD-A12F0E68AA92}.Ad-Hoc|Any CPU.Build.0 = Release|x64
		{49B865C7-F76A-48EB-A8AD-A12F0E68AA92}.Ad-Hoc|Any CPU.Deploy.0 = Release|x64
		{49B865C7-F76A-48EB-A8AD-A12F0E68AA92}.Ad-Hoc|ARM.ActiveCfg = Release|ARM
		{49B865C7-F76A-48EB-A8AD-A12F0E68AA92}.Ad-Hoc|ARM.Build.0 = Release|ARM
		{49B865C7-F76A-48EB-A8AD-A12F0E68AA92}.Ad-Hoc|ARM.Deploy.0 = Release|ARM
		{49B865C7-F76A-48EB-A8AD-A12F0E68AA92}.Ad-Hoc|iPhone.ActiveCfg = Release|x64
		{49B865C7-F76A-48EB-A8AD-A12F0E68AA92}.Ad-Hoc|iPhone.Build.0 = Release|x64
		{49B865C7-F76A-48EB-A8AD-A12F0E68AA92}.Ad-Hoc|iPhone.Deploy.0 = Release|x64
		{49B865C7-F76A-48EB-A8AD-A12F0E68AA92}.Ad-Hoc|iPhoneSimulator.ActiveCfg = Release|x64
		{49B865C7-F76A-48EB-A8AD-A12F0E68AA92}.Ad-Hoc|iPhoneSimulator.Build.0 = Release|x64
		{49B865C7-F76A-48EB-A8AD-A12F0E68AA92}.Ad-Hoc|iPhoneSimulator.Deploy.0 = Release|x64
		{49B865C7-F76A-48EB-A8AD-A12F0E68AA92}.Ad-Hoc|x64.ActiveCfg = Release|x64
		{49B865C7-F76A-48EB-A8AD-A12F0E68AA92}.Ad-Hoc|x64.Build.0 = Release|x64
		{49B865C7-F76A-48EB-A8AD-A12F0E68AA92}.Ad-Hoc|x64.Deploy.0 = Release|x64
		{49B865C7-F76A-48EB-A8AD-A12F0E68AA92}.Ad-Hoc|x86.ActiveCfg = Release|x86
		{49B865C7-F76A-48EB-A8AD-A12F0E68AA92}.Ad-Hoc|x86.Build.0 = Release|x86
		{49B865C7-F76A-48EB-A8AD-A12F0E68AA92}.Ad-Hoc|x86.Deploy.0 = Release|x86
		{49B865C7-F76A-48EB-A8AD-A12F0E68AA92}.AppStore|Any CPU.ActiveCfg = Release|x64
		{49B865C7-F76A-48EB-A8AD-A12F0E68AA92}.AppStore|Any CPU.Build.0 = Release|x64
		{49B865C7-F76A-48EB-A8AD-A12F0E68AA92}.AppStore|Any CPU.Deploy.0 = Release|x64
		{49B865C7-F76A-48EB-A8AD-A12F0E68AA92}.AppStore|ARM.ActiveCfg = Release|ARM
		{49B865C7-F76A-48EB-A8AD-A12F0E68AA92}.AppStore|ARM.Build.0 = Release|ARM
		{49B865C7-F76A-48EB-A8AD-A12F0E68AA92}.AppStore|ARM.Deploy.0 = Release|ARM
		{49B865C7-F76A-48EB-A8AD-A12F0E68AA92}.AppStore|iPhone.ActiveCfg = Release|x64
		{49B865C7-F76A-48EB-A8AD-A12F0E68AA92}.AppStore|iPhone.Build.0 = Release|x64
		{49B865C7-F76A-48EB-A8AD-A12F0E68AA92}.AppStore|iPhone.Deploy.0 = Release|x64
		{49B865C7-F76A-48EB-A8AD-A12F0E68AA92}.AppStore|iPhoneSimulator.ActiveCfg = Release|x64
		{49B865C7-F76A-48EB-A8AD-A12F0E68AA92}.AppStore|iPhoneSimulator.Build.0 = Release|x64
		{49B865C7-F76A-48EB-A8AD-A12F0E68AA92}.AppStore|iPhoneSimulator.Deploy.0 = Release|x64
		{49B865C7-F76A-48EB-A8AD-A12F0E68AA92}.AppStore|x64.ActiveCfg = Release|x64
		{49B865C7-F76A-48EB-A8AD-A12F0E68AA92}.AppStore|x64.Build.0 = Release|x64
		{49B865C7-F76A-48EB-A8AD-A12F0E68AA92}.AppStore|x64.Deploy.0 = Release|x64
		{49B865C7-F76A-48EB-A8AD-A12F0E68AA92}.AppStore|x86.ActiveCfg = Release|x86
		{49B865C7-F76A-48EB-A8AD-A12F0E68AA92}.AppStore|x86.Build.0 = Release|x86
		{49B865C7-F76A-48EB-A8AD-A12F0E68AA92}.AppStore|x86.Deploy.0 = Release|x86
		{49B865C7-F76A-48EB-A8AD-A12F0E68AA92}.Debug|Any CPU.ActiveCfg = Debug|x86
		{49B865C7-F76A-48EB-A8AD-A12F0E68AA92}.Debug|ARM.ActiveCfg = Debug|ARM
		{49B865C7-F76A-48EB-A8AD-A12F0E68AA92}.Debug|ARM.Build.0 = Debug|ARM
		{49B865C7-F76A-48EB-A8AD-A12F0E68AA92}.Debug|ARM.Deploy.0 = Debug|ARM
		{49B865C7-F76A-48EB-A8AD-A12F0E68AA92}.Debug|iPhone.ActiveCfg = Debug|x86
		{49B865C7-F76A-48EB-A8AD-A12F0E68AA92}.Debug|iPhoneSimulator.ActiveCfg = Debug|x86
		{49B865C7-F76A-48EB-A8AD-A12F0E68AA92}.Debug|x64.ActiveCfg = Debug|x64
		{49B865C7-F76A-48EB-A8AD-A12F0E68AA92}.Debug|x64.Build.0 = Debug|x64
		{49B865C7-F76A-48EB-A8AD-A12F0E68AA92}.Debug|x64.Deploy.0 = Debug|x64
		{49B865C7-F76A-48EB-A8AD-A12F0E68AA92}.Debug|x86.ActiveCfg = Debug|x86
		{49B865C7-F76A-48EB-A8AD-A12F0E68AA92}.Debug|x86.Build.0 = Debug|x86
		{49B865C7-F76A-48EB-A8AD-A12F0E68AA92}.Debug|x86.Deploy.0 = Debug|x86
		{49B865C7-F76A-48EB-A8AD-A12F0E68AA92}.Release|Any CPU.ActiveCfg = Release|x86
		{49B865C7-F76A-48EB-A8AD-A12F0E68AA92}.Release|ARM.ActiveCfg = Release|ARM
		{49B865C7-F76A-48EB-A8AD-A12F0E68AA92}.Release|ARM.Build.0 = Release|ARM
		{49B865C7-F76A-48EB-A8AD-A12F0E68AA92}.Release|ARM.Deploy.0 = Release|ARM
		{49B865C7-F76A-48EB-A8AD-A12F0E68AA92}.Release|iPhone.ActiveCfg = Release|x86
		{49B865C7-F76A-48EB-A8AD-A12F0E68AA92}.Release|iPhoneSimulator.ActiveCfg = Release|x86
		{49B865C7-F76A-48EB-A8AD-A12F0E68AA92}.Release|x64.ActiveCfg = Release|x64
		{49B865C7-F76A-48EB-A8AD-A12F0E68AA92}.Release|x64.Build.0 = Release|x64
		{49B865C7-F76A-48EB-A8AD-A12F0E68AA92}.Release|x64.Deploy.0 = Release|x64
		{49B865C7-F76A-48EB-A8AD-A12F0E68AA92}.Release|x86.ActiveCfg = Release|x86
		{49B865C7-F76A-48EB-A8AD-A12F0E68AA92}.Release|x86.Build.0 = Release|x86
		{49B865C7-F76A-48EB-A8AD-A12F0E68AA92}.Release|x86.Deploy.0 = Release|x86
		{14A36FCB-B02C-45B6-9780-7074F5EB7A11}.Ad-Hoc|Any CPU.ActiveCfg = Release|Any CPU
		{14A36FCB-B02C-45B6-9780-7074F5EB7A11}.Ad-Hoc|Any CPU.Build.0 = Release|Any CPU
		{14A36FCB-B02C-45B6-9780-7074F5EB7A11}.Ad-Hoc|ARM.ActiveCfg = Release|Any CPU
		{14A36FCB-B02C-45B6-9780-7074F5EB7A11}.Ad-Hoc|ARM.Build.0 = Release|Any CPU
		{14A36FCB-B02C-45B6-9780-7074F5EB7A11}.Ad-Hoc|iPhone.ActiveCfg = Release|Any CPU
		{14A36FCB-B02C-45B6-9780-7074F5EB7A11}.Ad-Hoc|iPhone.Build.0 = Release|Any CPU
		{14A36FCB-B02C-45B6-9780-7074F5EB7A11}.Ad-Hoc|iPhoneSimulator.ActiveCfg = Release|Any CPU
		{14A36FCB-B02C-45B6-9780-7074F5EB7A11}.Ad-Hoc|iPhoneSimulator.Build.0 = Release|Any CPU
		{14A36FCB-B02C-45B6-9780-7074F5EB7A11}.Ad-Hoc|x64.ActiveCfg = Release|Any CPU
		{14A36FCB-B02C-45B6-9780-7074F5EB7A11}.Ad-Hoc|x64.Build.0 = Release|Any CPU
		{14A36FCB-B02C-45B6-9780-7074F5EB7A11}.Ad-Hoc|x86.ActiveCfg = Release|Any CPU
		{14A36FCB-B02C-45B6-9780-7074F5EB7A11}.Ad-Hoc|x86.Build.0 = Release|Any CPU
		{14A36FCB-B02C-45B6-9780-7074F5EB7A11}.AppStore|Any CPU.ActiveCfg = Release|Any CPU
		{14A36FCB-B02C-45B6-9780-7074F5EB7A11}.AppStore|Any CPU.Build.0 = Release|Any CPU
		{14A36FCB-B02C-45B6-9780-7074F5EB7A11}.AppStore|ARM.ActiveCfg = Release|Any CPU
		{14A36FCB-B02C-45B6-9780-7074F5EB7A11}.AppStore|ARM.Build.0 = Release|Any CPU
		{14A36FCB-B02C-45B6-9780-7074F5EB7A11}.AppStore|iPhone.ActiveCfg = Release|Any CPU
		{14A36FCB-B02C-45B6-9780-7074F5EB7A11}.AppStore|iPhone.Build.0 = Release|Any CPU
		{14A36FCB-B02C-45B6-9780-7074F5EB7A11}.AppStore|iPhoneSimulator.ActiveCfg = Release|Any CPU
		{14A36FCB-B02C-45B6-9780-7074F5EB7A11}.AppStore|iPhoneSimulator.Build.0 = Release|Any CPU
		{14A36FCB-B02C-45B6-9780-7074F5EB7A11}.AppStore|x64.ActiveCfg = Release|Any CPU
		{14A36FCB-B02C-45B6-9780-7074F5EB7A11}.AppStore|x64.Build.0 = Release|Any CPU
		{14A36FCB-B02C-45B6-9780-7074F5EB7A11}.AppStore|x86.ActiveCfg = Release|Any CPU
		{14A36FCB-B02C-45B6-9780-7074F5EB7A11}.AppStore|x86.Build.0 = Release|Any CPU
		{14A36FCB-B02C-45B6-9780-7074F5EB7A11}.Debug|Any CPU.ActiveCfg = Debug|Any CPU
		{14A36FCB-B02C-45B6-9780-7074F5EB7A11}.Debug|Any CPU.Build.0 = Debug|Any CPU
		{14A36FCB-B02C-45B6-9780-7074F5EB7A11}.Debug|ARM.ActiveCfg = Debug|Any CPU
		{14A36FCB-B02C-45B6-9780-7074F5EB7A11}.Debug|ARM.Build.0 = Debug|Any CPU
		{14A36FCB-B02C-45B6-9780-7074F5EB7A11}.Debug|iPhone.ActiveCfg = Debug|Any CPU
		{14A36FCB-B02C-45B6-9780-7074F5EB7A11}.Debug|iPhone.Build.0 = Debug|Any CPU
		{14A36FCB-B02C-45B6-9780-7074F5EB7A11}.Debug|iPhoneSimulator.ActiveCfg = Debug|Any CPU
		{14A36FCB-B02C-45B6-9780-7074F5EB7A11}.Debug|iPhoneSimulator.Build.0 = Debug|Any CPU
		{14A36FCB-B02C-45B6-9780-7074F5EB7A11}.Debug|x64.ActiveCfg = Debug|Any CPU
		{14A36FCB-B02C-45B6-9780-7074F5EB7A11}.Debug|x64.Build.0 = Debug|Any CPU
		{14A36FCB-B02C-45B6-9780-7074F5EB7A11}.Debug|x86.ActiveCfg = Debug|Any CPU
		{14A36FCB-B02C-45B6-9780-7074F5EB7A11}.Debug|x86.Build.0 = Debug|Any CPU
		{14A36FCB-B02C-45B6-9780-7074F5EB7A11}.Release|Any CPU.ActiveCfg = Release|Any CPU
		{14A36FCB-B02C-45B6-9780-7074F5EB7A11}.Release|Any CPU.Build.0 = Release|Any CPU
		{14A36FCB-B02C-45B6-9780-7074F5EB7A11}.Release|ARM.ActiveCfg = Release|Any CPU
		{14A36FCB-B02C-45B6-9780-7074F5EB7A11}.Release|ARM.Build.0 = Release|Any CPU
		{14A36FCB-B02C-45B6-9780-7074F5EB7A11}.Release|iPhone.ActiveCfg = Release|Any CPU
		{14A36FCB-B02C-45B6-9780-7074F5EB7A11}.Release|iPhone.Build.0 = Release|Any CPU
		{14A36FCB-B02C-45B6-9780-7074F5EB7A11}.Release|iPhoneSimulator.ActiveCfg = Release|Any CPU
		{14A36FCB-B02C-45B6-9780-7074F5EB7A11}.Release|iPhoneSimulator.Build.0 = Release|Any CPU
		{14A36FCB-B02C-45B6-9780-7074F5EB7A11}.Release|x64.ActiveCfg = Release|Any CPU
		{14A36FCB-B02C-45B6-9780-7074F5EB7A11}.Release|x64.Build.0 = Release|Any CPU
		{14A36FCB-B02C-45B6-9780-7074F5EB7A11}.Release|x86.ActiveCfg = Release|Any CPU
		{14A36FCB-B02C-45B6-9780-7074F5EB7A11}.Release|x86.Build.0 = Release|Any CPU
	EndGlobalSection
	GlobalSection(SolutionProperties) = preSolution
		HideSolutionNode = FALSE
	EndGlobalSection
	GlobalSection(ExtensibilityGlobals) = postSolution
		SolutionGuid = {F5399188-2304-4703-A27B-E19C3C4F7F2B}
	EndGlobalSection
EndGlobal
